
Microsoft Visual Studio Solution File, Format Version 12.00
# Visual Studio Version 16
VisualStudioVersion = 16.0.33214.272
MinimumVisualStudioVersion = 10.0.40219.1
Project("{FAE04EC0-301F-11D3-BF4B-00C04F79EFBC}") = "TelefonSiparis", "TelefonSiparis\TelefonSiparis.csproj", "{1BC071AA-06B6-4064-9A76-C7E4B70CDE9A}"
EndProject
Global
	GlobalSection(SolutionConfigurationPlatforms) = preSolution
		Debug|Any CPU = Debug|Any CPU
		Release|Any CPU = Release|Any CPU
	EndGlobalSection
	GlobalSection(ProjectConfigurationPlatforms) = postSolution
		{1BC071AA-06B6-4064-9A76-C7E4B70CDE9A}.Debug|Any CPU.ActiveCfg = Debug|Any CPU
		{1BC071AA-06B6-4064-9A76-C7E4B70CDE9A}.Debug|Any CPU.Build.0 = Debug|Any CPU
		{1BC071AA-06B6-4064-9A76-C7E4B70CDE9A}.Release|Any CPU.ActiveCfg = Release|Any CPU
		{1BC071AA-06B6-4064-9A76-C7E4B70CDE9A}.Release|Any CPU.Build.0 = Release|Any CPU
	EndGlobalSection
	GlobalSection(SolutionProperties) = preSolution
		HideSolutionNode = FALSE
	EndGlobalSection
	GlobalSection(ExtensibilityGlobals) = postSolution
		SolutionGuid = {5865C940-CA9C-4C9B-9C22-A600F11F8D7A}
	EndGlobalSection
EndGlobal
